
Microsoft Visual Studio Solution File, Format Version 12.00
# Visual Studio Version 17
VisualStudioVersion = 17.2.32630.192
MinimumVisualStudioVersion = 10.0.40219.1
Project("{FAE04EC0-301F-11D3-BF4B-00C04F79EFBC}") = "Steam Screenshot Puller", "Steam Screenshot Puller\Steam Screenshot Puller.csproj", "{537967AC-A5CB-4D56-94DF-555F369054E4}"
EndProject
Global
	GlobalSection(SolutionConfigurationPlatforms) = preSolution
		Debug|Any CPU = Debug|Any CPU
		Release|Any CPU = Release|Any CPU
	EndGlobalSection
	GlobalSection(ProjectConfigurationPlatforms) = postSolution
		{537967AC-A5CB-4D56-94DF-555F369054E4}.Debug|Any CPU.ActiveCfg = Debug|Any CPU
		{537967AC-A5CB-4D56-94DF-555F369054E4}.Debug|Any CPU.Build.0 = Debug|Any CPU
		{537967AC-A5CB-4D56-94DF-555F369054E4}.Release|Any CPU.ActiveCfg = Release|Any CPU
		{537967AC-A5CB-4D56-94DF-555F369054E4}.Release|Any CPU.Build.0 = Release|Any CPU
	EndGlobalSection
	GlobalSection(SolutionProperties) = preSolution
		HideSolutionNode = FALSE
	EndGlobalSection
	GlobalSection(ExtensibilityGlobals) = postSolution
		SolutionGuid = {4FE4AE43-F072-4C7E-8740-455618DFD994}
	EndGlobalSection
EndGlobal
